
Microsoft Visual Studio Solution File, Format Version 12.00
# Visual Studio Version 16
VisualStudioVersion = 16.0.32901.82
MinimumVisualStudioVersion = 10.0.40219.1
Project("{FAE04EC0-301F-11D3-BF4B-00C04F79EFBC}") = "SalesWebMvc", "SalesWebMvc\SalesWebMvc.csproj", "{4DC351BB-6E7A-4877-948E-41D3C73486B2}"
EndProject
Global
	GlobalSection(SolutionConfigurationPlatforms) = preSolution
		Debug|Any CPU = Debug|Any CPU
		Release|Any CPU = Release|Any CPU
	EndGlobalSection
	GlobalSection(ProjectConfigurationPlatforms) = postSolution
		{4DC351BB-6E7A-4877-948E-41D3C73486B2}.Debug|Any CPU.ActiveCfg = Debug|Any CPU
		{4DC351BB-6E7A-4877-948E-41D3C73486B2}.Debug|Any CPU.Build.0 = Debug|Any CPU
		{4DC351BB-6E7A-4877-948E-41D3C73486B2}.Release|Any CPU.ActiveCfg = Release|Any CPU
		{4DC351BB-6E7A-4877-948E-41D3C73486B2}.Release|Any CPU.Build.0 = Release|Any CPU
	EndGlobalSection
	GlobalSection(SolutionProperties) = preSolution
		HideSolutionNode = FALSE
	EndGlobalSection
	GlobalSection(ExtensibilityGlobals) = postSolution
		SolutionGuid = {A40E9F10-AA9D-46AC-A440-C773F9970CD6}
	EndGlobalSection
EndGlobal
